
Microsoft Visual Studio Solution File, Format Version 12.00
# Visual Studio Version 17
VisualStudioVersion = 17.7.34024.191
MinimumVisualStudioVersion = 10.0.40219.1
Project("{FAE04EC0-301F-11D3-BF4B-00C04F79EFBC}") = "Cobalt", "Cobalt.csproj", "{867A3B0D-8252-4C5C-BEEB-6825E8A972D6}"
EndProject
Global
	GlobalSection(SolutionConfigurationPlatforms) = preSolution
		Debug|Any CPU = Debug|Any CPU
		Release|Any CPU = Release|Any CPU
	EndGlobalSection
	GlobalSection(ProjectConfigurationPlatforms) = postSolution
		{867A3B0D-8252-4C5C-BEEB-6825E8A972D6}.Debug|Any CPU.ActiveCfg = Debug|Any CPU
		{867A3B0D-8252-4C5C-BEEB-6825E8A972D6}.Debug|Any CPU.Build.0 = Debug|Any CPU
		{867A3B0D-8252-4C5C-BEEB-6825E8A972D6}.Release|Any CPU.ActiveCfg = Release|Any CPU
		{867A3B0D-8252-4C5C-BEEB-6825E8A972D6}.Release|Any CPU.Build.0 = Release|Any CPU
	EndGlobalSection
	GlobalSection(SolutionProperties) = preSolution
		HideSolutionNode = FALSE
	EndGlobalSection
	GlobalSection(ExtensibilityGlobals) = postSolution
		SolutionGuid = {1093D5C9-E812-4B33-A89B-1C7FB68C5B1D}
	EndGlobalSection
EndGlobal
